{
  "name": "excel-sheet-generator",
  "version": "1.0.0",
  "lockfileVersion": 3,
  "requires": true,
  "packages": {
    "": {
      "name": "excel-sheet-generator",
      "version": "1.0.0",
      "license": "ISC",
      "dependencies": {
        "sweetalert2": "^9.17.4"
      }
    },
    "node_modules/sweetalert2": {
      "version": "9.17.4",
      "resolved": "https://registry.npmjs.org/sweetalert2/-/sweetalert2-9.17.4.tgz",
      "integrity": "sha512-T6Js/kjtGmpekE1tPT+drdgsedEnaet03mMadKUMvtBlFzVLcYy8kvIuchaQJ09rhG5bdmRRMQ2sEK0ZnHi1vg==",
      "funding": {
        "url": "https://sweetalert2.github.io/#donations"
      }
    }
  }
}
